
Microsoft Visual Studio Solution File, Format Version 12.00
# Visual Studio Version 17
VisualStudioVersion = 17.14.36203.30
MinimumVisualStudioVersion = 10.0.40219.1
Project("{FAE04EC0-301F-11D3-BF4B-00C04F79EFBC}") = "rilevazioniPresenze", "rilevazioniPresenze\rilevazioniPresenze.csproj", "{25D2AA5D-C179-410D-87D0-B45BAD822581}"
EndProject
Project("{FAE04EC0-301F-11D3-BF4B-00C04F79EFBC}") = "rilevazioniPresenzaData", "rilevazioniPresenzaData\rilevazioniPresenzaData.csproj", "{249B71DA-CBAA-4D39-9A45-D95E4ED77DBD}"
EndProject
Global
	GlobalSection(SolutionConfigurationPlatforms) = preSolution
		Debug|Any CPU = Debug|Any CPU
		Release|Any CPU = Release|Any CPU
	EndGlobalSection
	GlobalSection(ProjectConfigurationPlatforms) = postSolution
		{25D2AA5D-C179-410D-87D0-B45BAD822581}.Debug|Any CPU.ActiveCfg = Debug|Any CPU
		{25D2AA5D-C179-410D-87D0-B45BAD822581}.Debug|Any CPU.Build.0 = Debug|Any CPU
		{25D2AA5D-C179-410D-87D0-B45BAD822581}.Release|Any CPU.ActiveCfg = Release|Any CPU
		{25D2AA5D-C179-410D-87D0-B45BAD822581}.Release|Any CPU.Build.0 = Release|Any CPU
		{249B71DA-CBAA-4D39-9A45-D95E4ED77DBD}.Debug|Any CPU.ActiveCfg = Debug|Any CPU
		{249B71DA-CBAA-4D39-9A45-D95E4ED77DBD}.Debug|Any CPU.Build.0 = Debug|Any CPU
		{249B71DA-CBAA-4D39-9A45-D95E4ED77DBD}.Release|Any CPU.ActiveCfg = Release|Any CPU
		{249B71DA-CBAA-4D39-9A45-D95E4ED77DBD}.Release|Any CPU.Build.0 = Release|Any CPU
	EndGlobalSection
	GlobalSection(SolutionProperties) = preSolution
		HideSolutionNode = FALSE
	EndGlobalSection
	GlobalSection(ExtensibilityGlobals) = postSolution
		SolutionGuid = {8616F8C5-96DE-41D1-B928-AF9464DC5735}
	EndGlobalSection
EndGlobal
